
Microsoft Visual Studio Solution File, Format Version 12.00
# Visual Studio Version 17
VisualStudioVersion = 17.12.35707.178
MinimumVisualStudioVersion = 10.0.40219.1
Project("{FAE04EC0-301F-11D3-BF4B-00C04F79EFBC}") = "ef-core", "ef-core\ef-core.csproj", "{1E3BFDC0-AE61-4C88-8136-26979EE64707}"
EndProject
Project("{FAE04EC0-301F-11D3-BF4B-00C04F79EFBC}") = "scaffold", "scaffold\scaffold.csproj", "{10C56CA1-0D30-4D15-B5CB-386BF2B2BE4A}"
EndProject
Global
	GlobalSection(SolutionConfigurationPlatforms) = preSolution
		Debug|Any CPU = Debug|Any CPU
		Release|Any CPU = Release|Any CPU
	EndGlobalSection
	GlobalSection(ProjectConfigurationPlatforms) = postSolution
		{1E3BFDC0-AE61-4C88-8136-26979EE64707}.Debug|Any CPU.ActiveCfg = Debug|Any CPU
		{1E3BFDC0-AE61-4C88-8136-26979EE64707}.Debug|Any CPU.Build.0 = Debug|Any CPU
		{1E3BFDC0-AE61-4C88-8136-26979EE64707}.Release|Any CPU.ActiveCfg = Release|Any CPU
		{1E3BFDC0-AE61-4C88-8136-26979EE64707}.Release|Any CPU.Build.0 = Release|Any CPU
		{10C56CA1-0D30-4D15-B5CB-386BF2B2BE4A}.Debug|Any CPU.ActiveCfg = Debug|Any CPU
		{10C56CA1-0D30-4D15-B5CB-386BF2B2BE4A}.Debug|Any CPU.Build.0 = Debug|Any CPU
		{10C56CA1-0D30-4D15-B5CB-386BF2B2BE4A}.Release|Any CPU.ActiveCfg = Release|Any CPU
		{10C56CA1-0D30-4D15-B5CB-386BF2B2BE4A}.Release|Any CPU.Build.0 = Release|Any CPU
	EndGlobalSection
	GlobalSection(SolutionProperties) = preSolution
		HideSolutionNode = FALSE
	EndGlobalSection
EndGlobal
